// !$*UTF8*$!
{
	archiveVersion = 1;
	classes = {
	};
	objectVersion = 46;
	objects = {

/* Begin PBXBuildFile section */
		CEA60BC41D4724730031C1FE /* AppDelegate.swift in Sources */ = {isa = PBXBuildFile; fileRef = CEA60BC31D4724730031C1FE /* AppDelegate.swift */; };
		CEA60BC61D4724730031C1FE /* ViewController.swift in Sources */ = {isa = PBXBuildFile; fileRef = CEA60BC51D4724730031C1FE /* ViewController.swift */; };
		CEA60BC91D4724730031C1FE /* Main.storyboard in Resources */ = {isa = PBXBuildFile; fileRef = CEA60BC71D4724730031C1FE /* Main.storyboard */; };
		CEA60BCB1D4724730031C1FE /* Assets.xcassets in Resources */ = {isa = PBXBuildFile; fileRef = CEA60BCA1D4724730031C1FE /* Assets.xcassets */; };
		CEA60BCE1D4724730031C1FE /* LaunchScreen.storyboard in Resources */ = {isa = PBXBuildFile; fileRef = CEA60BCC1D4724730031C1FE /* LaunchScreen.storyboard */; };
		CEA60BD91D4724730031C1FE /* WXPublishManagerUITests.swift in Sources */ = {isa = PBXBuildFile; fileRef = CEA60BD81D4724730031C1FE /* WXPublishManagerUITests.swift */; };
		CEA60BE81D47250E0031C1FE /* WXMenuButton.swift in Sources */ = {isa = PBXBuildFile; fileRef = CEA60BE41D47250E0031C1FE /* WXMenuButton.swift */; };
		CEA60BE91D47250E0031C1FE /* WXMenuModel.swift in Sources */ = {isa = PBXBuildFile; fileRef = CEA60BE51D47250E0031C1FE /* WXMenuModel.swift */; };
		CEA60BEA1D47250E0031C1FE /* WXPublishVC.swift in Sources */ = {isa = PBXBuildFile; fileRef = CEA60BE61D47250E0031C1FE /* WXPublishVC.swift */; };
		CEA60BEB1D47250E0031C1FE /* WXPublishView.swift in Sources */ = {isa = PBXBuildFile; fileRef = CEA60BE71D47250E0031C1FE /* WXPublishView.swift */; };
		CEE96F2F1D47523C00D9EA2A /* BottomView.swift in Sources */ = {isa = PBXBuildFile; fileRef = CEE96F2E1D47523C00D9EA2A /* BottomView.swift */; };
		CEE96F311D47524300D9EA2A /* BottomView.xib in Resources */ = {isa = PBXBuildFile; fileRef = CEE96F301D47524300D9EA2A /* BottomView.xib */; };
/* End PBXBuildFile section */

/* Begin PBXContainerItemProxy section */
		CEA60BD51D4724730031C1FE /* PBXContainerItemProxy */ = {
			isa = PBXContainerItemProxy;
			containerPortal = CEA60BB81D4724720031C1FE /* Project object */;
			proxyType = 1;
			remoteGlobalIDString = CEA60BBF1D4724730031C1FE;
			remoteInfo = WXPublishManager;
		};
/* End PBXContainerItemProxy section */

/* Begin PBXFileReference section */
		CEA60BC01D4724730031C1FE /* WXPublishManager.app */ = {isa = PBXFileReference; explicitFileType = wrapper.application; includeInIndex = 0; path = WXPublishManager.app; sourceTree = BUILT_PRODUCTS_DIR; };
		CEA60BC31D4724730031C1FE /* AppDelegate.swift */ = {isa = PBXFileReference; lastKnownFileType = sourcecode.swift; path = AppDelegate.swift; sourceTree = "<group>"; };
		CEA60BC51D4724730031C1FE /* ViewController.swift */ = {isa = PBXFileReference; lastKnownFileType = sourcecode.swift; path = ViewController.swift; sourceTree = "<group>"; };
		CEA60BC81D4724730031C1FE /* Base */ = {isa = PBXFileReference; lastKnownFileType = file.storyboard; name = Base; path = Base.lproj/Main.storyboard; sourceTree = "<group>"; };
		CEA60BCA1D4724730031C1FE /* Assets.xcassets */ = {isa = PBXFileReference; lastKnownFileType = folder.assetcatalog; path = Assets.xcassets; sourceTree = "<group>"; };
		CEA60BCD1D4724730031C1FE /* Base */ = {isa = PBXFileReference; lastKnownFileType = file.storyboard; name = Base; path = Base.lproj/LaunchScreen.storyboard; sourceTree = "<group>"; };
		CEA60BCF1D4724730031C1FE /* Info.plist */ = {isa = PBXFileReference; lastKnownFileType = text.plist.xml; path = Info.plist; sourceTree = "<group>"; };
		CEA60BD41D4724730031C1FE /* WXPublishManagerUITests.xctest */ = {isa = PBXFileReference; explicitFileType = wrapper.cfbundle; includeInIndex = 0; path = WXPublishManagerUITests.xctest; sourceTree = BUILT_PRODUCTS_DIR; };
		CEA60BD81D4724730031C1FE /* WXPublishManagerUITests.swift */ = {isa = PBXFileReference; lastKnownFileType = sourcecode.swift; path = WXPublishManagerUITests.swift; sourceTree = "<group>"; };
		CEA60BDA1D4724730031C1FE /* Info.plist */ = {isa = PBXFileReference; lastKnownFileType = text.plist.xml; path = Info.plist; sourceTree = "<group>"; };
		CEA60BE41D47250E0031C1FE /* WXMenuButton.swift */ = {isa = PBXFileReference; fileEncoding = 4; lastKnownFileType = sourcecode.swift; path = WXMenuButton.swift; sourceTree = "<group>"; };
		CEA60BE51D47250E0031C1FE /* WXMenuModel.swift */ = {isa = PBXFileReference; fileEncoding = 4; lastKnownFileType = sourcecode.swift; path = WXMenuModel.swift; sourceTree = "<group>"; };
		CEA60BE61D47250E0031C1FE /* WXPublishVC.swift */ = {isa = PBXFileReference; fileEncoding = 4; lastKnownFileType = sourcecode.swift; path = WXPublishVC.swift; sourceTree = "<group>"; };
		CEA60BE71D47250E0031C1FE /* WXPublishView.swift */ = {isa = PBXFileReference; fileEncoding = 4; lastKnownFileType = sourcecode.swift; path = WXPublishView.swift; sourceTree = "<group>"; };
		CEE96F2E1D47523C00D9EA2A /* BottomView.swift */ = {isa = PBXFileReference; fileEncoding = 4; lastKnownFileType = sourcecode.swift; path = BottomView.swift; sourceTree = "<group>"; };
		CEE96F301D47524300D9EA2A /* BottomView.xib */ = {isa = PBXFileReference; fileEncoding = 4; lastKnownFileType = file.xib; path = BottomView.xib; sourceTree = "<group>"; };
/* End PBXFileReference section */

/* Begin PBXFrameworksBuildPhase section */
		CEA60BBD1D4724730031C1FE /* Frameworks */ = {
			isa = PBXFrameworksBuildPhase;
			buildActionMask = 2147483647;
			files = (
			);
			runOnlyForDeploymentPostprocessing = 0;
		};
		CEA60BD11D4724730031C1FE /* Frameworks */ = {
			isa = PBXFrameworksBuildPhase;
			buildActionMask = 2147483647;
			files = (
			);
			runOnlyForDeploymentPostprocessing = 0;
		};
/* End PBXFrameworksBuildPhase section */

/* Begin PBXGroup section */
		CEA60BB71D4724720031C1FE = {
			isa = PBXGroup;
			children = (
				CEA60BC21D4724730031C1FE /* WXPublishManager */,
				CEA60BD71D4724730031C1FE /* WXPublishManagerUITests */,
				CEA60BC11D4724730031C1FE /* Products */,
			);
			sourceTree = "<group>";
		};
		CEA60BC11D4724730031C1FE /* Products */ = {
			isa = PBXGroup;
			children = (
				CEA60BC01D4724730031C1FE /* WXPublishManager.app */,
				CEA60BD41D4724730031C1FE /* WXPublishManagerUITests.xctest */,
			);
			name = Products;
			sourceTree = "<group>";
		};
		CEA60BC21D4724730031C1FE /* WXPublishManager */ = {
			isa = PBXGroup;
			children = (
				CEA60BE31D47250E0031C1FE /* WXPublishManager */,
				CEA60BC31D4724730031C1FE /* AppDelegate.swift */,
				CEA60BC51D4724730031C1FE /* ViewController.swift */,
				CEA60BC71D4724730031C1FE /* Main.storyboard */,
				CEA60BCA1D4724730031C1FE /* Assets.xcassets */,
				CEA60BCC1D4724730031C1FE /* LaunchScreen.storyboard */,
				CEA60BCF1D4724730031C1FE /* Info.plist */,
			);
			path = WXPublishManager;
			sourceTree = "<group>";
		};
		CEA60BD71D4724730031C1FE /* WXPublishManagerUITests */ = {
			isa = PBXGroup;
			children = (
				CEA60BD81D4724730031C1FE /* WXPublishManagerUITests.swift */,
				CEA60BDA1D4724730031C1FE /* Info.plist */,
			);
			path = WXPublishManagerUITests;
			sourceTree = "<group>";
		};
		CEA60BE31D47250E0031C1FE /* WXPublishManager */ = {
			isa = PBXGroup;
			children = (
				CEA60BE41D47250E0031C1FE /* WXMenuButton.swift */,
				CEA60BE51D47250E0031C1FE /* WXMenuModel.swift */,
				CEA60BE61D47250E0031C1FE /* WXPublishVC.swift */,
				CEA60BE71D47250E0031C1FE /* WXPublishView.swift */,
				CEE96F2E1D47523C00D9EA2A /* BottomView.swift */,
				CEE96F301D47524300D9EA2A /* BottomView.xib */,
			);
			path = WXPublishManager;
			sourceTree = "<group>";
		};
/* End PBXGroup section */

/* Begin PBXNativeTarget section */
		CEA60BBF1D4724730031C1FE /* WXPublishManager */ = {
			isa = PBXNativeTarget;
			buildConfigurationList = CEA60BDD1D4724730031C1FE /* Build configuration list for PBXNativeTarget "WXPublishManager" */;
			buildPhases = (
				CEA60BBC1D4724730031C1FE /* Sources */,
				CEA60BBD1D4724730031C1FE /* Frameworks */,
				CEA60BBE1D4724730031C1FE /* Resources */,
			);
			buildRules = (
			);
			dependencies = (
			);
			name = WXPublishManager;
			productName = WXPublishManager;
			productReference = CEA60BC01D4724730031C1FE /* WXPublishManager.app */;
			productType = "com.apple.product-type.application";
		};
		CEA60BD31D4724730031C1FE /* WXPublishManagerUITests */ = {
			isa = PBXNativeTarget;
			buildConfigurationList = CEA60BE01D4724730031C1FE /* Build configuration list for PBXNativeTarget "WXPublishManagerUITests" */;
			buildPhases = (
				CEA60BD01D4724730031C1FE /* Sources */,
				CEA60BD11D4724730031C1FE /* Frameworks */,
				CEA60BD21D4724730031C1FE /* Resources */,
			);
			buildRules = (
			);
			dependencies = (
				CEA60BD61D4724730031C1FE /* PBXTargetDependency */,
			);
			name = WXPublishManagerUITests;
			productName = WXPublishManagerUITests;
			productReference = CEA60BD41D4724730031C1FE /* WXPublishManagerUITests.xctest */;
			productType = "com.apple.product-type.bundle.ui-testing";
		};
/* End PBXNativeTarget section */

/* Begin PBXProject section */
		CEA60BB81D4724720031C1FE /* Project object */ = {
			isa = PBXProject;
			attributes = {
				LastSwiftUpdateCheck = 0710;
				LastUpgradeCheck = 0710;
				ORGANIZATIONNAME = "魏翔";
				TargetAttributes = {
					CEA60BBF1D4724730031C1FE = {
						CreatedOnToolsVersion = 7.1.1;
					};
					CEA60BD31D4724730031C1FE = {
						CreatedOnToolsVersion = 7.1.1;
						TestTargetID = CEA60BBF1D4724730031C1FE;
					};
				};
			};
			buildConfigurationList = CEA60BBB1D4724720031C1FE /* Build configuration list for PBXProject "WXPublishManager" */;
			compatibilityVersion = "Xcode 3.2";
			developmentRegion = English;
			hasScannedForEncodings = 0;
			knownRegions = (
				en,
				Base,
			);
			mainGroup = CEA60BB71D4724720031C1FE;
			productRefGroup = CEA60BC11D4724730031C1FE /* Products */;
			projectDirPath = "";
			projectRoot = "";
			targets = (
				CEA60BBF1D4724730031C1FE /* WXPublishManager */,
				CEA60BD31D4724730031C1FE /* WXPublishManagerUITests */,
			);
		};
/* End PBXProject section */

/* Begin PBXResourcesBuildPhase section */
		CEA60BBE1D4724730031C1FE /* Resources */ = {
			isa = PBXResourcesBuildPhase;
			buildActionMask = 2147483647;
			files = (
				CEA60BCE1D4724730031C1FE /* LaunchScreen.storyboard in Resources */,
				CEA60BCB1D4724730031C1FE /* Assets.xcassets in Resources */,
				CEA60BC91D4724730031C1FE /* Main.storyboard in Resources */,
				CEE96F311D47524300D9EA2A /* BottomView.xib in Resources */,
			);
			runOnlyForDeploymentPostprocessing = 0;
		};
		CEA60BD21D4724730031C1FE /* Resources */ = {
			isa = PBXResourcesBuildPhase;
			buildActionMask = 2147483647;
			files = (
			);
			runOnlyForDeploymentPostprocessing = 0;
		};
/* End PBXResourcesBuildPhase section */

/* Begin PBXSourcesBuildPhase section */
		CEA60BBC1D4724730031C1FE /* Sources */ = {
			isa = PBXSourcesBuildPhase;
			buildActionMask = 2147483647;
			files = (
				CEA60BE81D47250E0031C1FE /* WXMenuButton.swift in Sources */,
				CEA60BEB1D47250E0031C1FE /* WXPublishView.swift in Sources */,
				CEA60BE91D47250E0031C1FE /* WXMenuModel.swift in Sources */,
				CEA60BC61D4724730031C1FE /* ViewController.swift in Sources */,
				CEE96F2F1D47523C00D9EA2A /* BottomView.swift in Sources */,
				CEA60BEA1D47250E0031C1FE /* WXPublishVC.swift in Sources */,
				CEA60BC41D4724730031C1FE /* AppDelegate.swift in Sources */,
			);
			runOnlyForDeploymentPostprocessing = 0;
		};
		CEA60BD01D4724730031C1FE /* Sources */ = {
			isa = PBXSourcesBuildPhase;
			buildActionMask = 2147483647;
			files = (
				CEA60BD91D4724730031C1FE /* WXPublishManagerUITests.swift in Sources */,
			);
			runOnlyForDeploymentPostprocessing = 0;
		};
/* End PBXSourcesBuildPhase section */

/* Begin PBXTargetDependency section */
		CEA60BD61D4724730031C1FE /* PBXTargetDependency */ = {
			isa = PBXTargetDependency;
			target = CEA60BBF1D4724730031C1FE /* WXPublishManager */;
			targetProxy = CEA60BD51D4724730031C1FE /* PBXContainerItemProxy */;
		};
/* End PBXTargetDependency section */

/* Begin PBXVariantGroup section */
		CEA60BC71D4724730031C1FE /* Main.storyboard */ = {
			isa = PBXVariantGroup;
			children = (
				CEA60BC81D4724730031C1FE /* Base */,
			);
			name = Main.storyboard;
			sourceTree = "<group>";
		};
		CEA60BCC1D4724730031C1FE /* LaunchScreen.storyboard */ = {
			isa = PBXVariantGroup;
			children = (
				CEA60BCD1D4724730031C1FE /* Base */,
			);
			name = LaunchScreen.storyboard;
			sourceTree = "<group>";
		};
/* End PBXVariantGroup section */

/* Begin XCBuildConfiguration section */
		CEA60BDB1D4724730031C1FE /* Debug */ = {
			isa = XCBuildConfiguration;
			buildSettings = {
				ALWAYS_SEARCH_USER_PATHS = NO;
				CLANG_CXX_LANGUAGE_STANDARD = "gnu++0x";
				CLANG_CXX_LIBRARY = "libc++";
				CLANG_ENABLE_MODULES = YES;
				CLANG_ENABLE_OBJC_ARC = YES;
				CLANG_WARN_BOOL_CONVERSION = YES;
				CLANG_WARN_CONSTANT_CONVERSION = YES;
				CLANG_WARN_DIRECT_OBJC_ISA_USAGE = YES_ERROR;
				CLANG_WARN_EMPTY_BODY = YES;
				CLANG_WARN_ENUM_CONVERSION = YES;
				CLANG_WARN_INT_CONVERSION = YES;
				CLANG_WARN_OBJC_ROOT_CLASS = YES_ERROR;
				CLANG_WARN_UNREACHABLE_CODE = YES;
				CLANG_WARN__DUPLICATE_METHOD_MATCH = YES;
				"CODE_SIGN_IDENTITY[sdk=iphoneos*]" = "iPhone Developer";
				COPY_PHASE_STRIP = NO;
				DEBUG_INFORMATION_FORMAT = dwarf;
				ENABLE_STRICT_OBJC_MSGSEND = YES;
				ENABLE_TESTABILITY = YES;
				GCC_C_LANGUAGE_STANDARD = gnu99;
				GCC_DYNAMIC_NO_PIC = NO;
				GCC_NO_COMMON_BLOCKS = YES;
				GCC_OPTIMIZATION_LEVEL = 0;
				GCC_PREPROCESSOR_DEFINITIONS = (
					"DEBUG=1",
					"$(inherited)",
				);
				GCC_WARN_64_TO_32_BIT_CONVERSION = YES;
				GCC_WARN_ABOUT_RETURN_TYPE = YES_ERROR;
				GCC_WARN_UNDECLARED_SELECTOR = YES;
				GCC_WARN_UNINITIALIZED_AUTOS = YES_AGGRESSIVE;
				GCC_WARN_UNUSED_FUNCTION = YES;
				GCC_WARN_UNUSED_VARIABLE = YES;
				IPHONEOS_DEPLOYMENT_TARGET = 9.1;
				MTL_ENABLE_DEBUG_INFO = YES;
				ONLY_ACTIVE_ARCH = YES;
				SDKROOT = iphoneos;
				SWIFT_OPTIMIZATION_LEVEL = "-Onone";
			};
			name = Debug;
		};
		CEA60BDC1D4724730031C1FE /* Release */ = {
			isa = XCBuildConfiguration;
			buildSettings = {
				ALWAYS_SEARCH_USER_PATHS = NO;
				CLANG_CXX_LANGUAGE_STANDARD = "gnu++0x";
				CLANG_CXX_LIBRARY = "libc++";
				CLANG_ENABLE_MODULES = YES;
				CLANG_ENABLE_OBJC_ARC = YES;
				CLANG_WARN_BOOL_CONVERSION = YES;
				CLANG_WARN_CONSTANT_CONVERSION = YES;
				CLANG_WARN_DIRECT_OBJC_ISA_USAGE = YES_ERROR;
				CLANG_WARN_EMPTY_BODY = YES;
				CLANG_WARN_ENUM_CONVERSION = YES;
				CLANG_WARN_INT_CONVERSION = YES;
				CLANG_WARN_OBJC_ROOT_CLASS = YES_ERROR;
				CLANG_WARN_UNREACHABLE_CODE = YES;
				CLANG_WARN__DUPLICATE_METHOD_MATCH = YES;
				"CODE_SIGN_IDENTITY[sdk=iphoneos*]" = "iPhone Developer";
				COPY_PHASE_STRIP = NO;
				DEBUG_INFORMATION_FORMAT = "dwarf-with-dsym";
				ENABLE_NS_ASSERTIONS = NO;
				ENABLE_STRICT_OBJC_MSGSEND = YES;
				GCC_C_LANGUAGE_STANDARD = gnu99;
				GCC_NO_COMMON_BLOCKS = YES;
				GCC_WARN_64_TO_32_BIT_CONVERSION = YES;
				GCC_WARN_ABOUT_RETURN_TYPE = YES_ERROR;
				GCC_WARN_UNDECLARED_SELECTOR = YES;
				GCC_WARN_UNINITIALIZED_AUTOS = YES_AGGRESSIVE;
				GCC_WARN_UNUSED_FUNCTION = YES;
				GCC_WARN_UNUSED_VARIABLE = YES;
				IPHONEOS_DEPLOYMENT_TARGET = 9.1;
				MTL_ENABLE_DEBUG_INFO = NO;
				SDKROOT = iphoneos;
				VALIDATE_PRODUCT = YES;
			};
			name = Release;
		};
		CEA60BDE1D4724730031C1FE /* Debug */ = {
			isa = XCBuildConfiguration;
			buildSettings = {
				ASSETCATALOG_COMPILER_APPICON_NAME = AppIcon;
				INFOPLIST_FILE = WXPublishManager/Info.plist;
				IPHONEOS_DEPLOYMENT_TARGET = 8.4;
				LD_RUNPATH_SEARCH_PATHS = "$(inherited) @executable_path/Frameworks";
				PRODUCT_BUNDLE_IDENTIFIER = com.msucity.WXPublishManager;
				PRODUCT_NAME = "$(TARGET_NAME)";
			};
			name = Debug;
		};
		CEA60BDF1D4724730031C1FE /* Release */ = {
			isa = XCBuildConfiguration;
			buildSettings = {
				ASSETCATALOG_COMPILER_APPICON_NAME = AppIcon;
				INFOPLIST_FILE = WXPublishManager/Info.plist;
				IPHONEOS_DEPLOYMENT_TARGET = 8.4;
				LD_RUNPATH_SEARCH_PATHS = "$(inherited) @executable_path/Frameworks";
				PRODUCT_BUNDLE_IDENTIFIER = com.msucity.WXPublishManager;
				PRODUCT_NAME = "$(TARGET_NAME)";
			};
			name = Release;
		};
		CEA60BE11D4724730031C1FE /* Debug */ = {
			isa = XCBuildConfiguration;
			buildSettings = {
				INFOPLIST_FILE = WXPublishManagerUITests/Info.plist;
				LD_RUNPATH_SEARCH_PATHS = "$(inherited) @executable_path/Frameworks @loader_path/Frameworks";
				PRODUCT_BUNDLE_IDENTIFIER = com.msucity.WXPublishManagerUITests;
				PRODUCT_NAME = "$(TARGET_NAME)";
				TEST_TARGET_NAME = WXPublishManager;
				USES_XCTRUNNER = YES;
			};
			name = Debug;
		};
		CEA60BE21D4724730031C1FE /* Release */ = {
			isa = XCBuildConfiguration;
			buildSettings = {
				INFOPLIST_FILE = WXPublishManagerUITests/Info.plist;
				LD_RUNPATH_SEARCH_PATHS = "$(inherited) @executable_path/Frameworks @loader_path/Frameworks";
				PRODUCT_BUNDLE_IDENTIFIER = com.msucity.WXPublishManagerUITests;
				PRODUCT_NAME = "$(TARGET_NAME)";
				TEST_TARGET_NAME = WXPublishManager;
				USES_XCTRUNNER = YES;
			};
			name = Release;
		};
/* End XCBuildConfiguration section */

/* Begin XCConfigurationList section */
		CEA60BBB1D4724720031C1FE /* Build configuration list for PBXProject "WXPublishManager" */ = {
			isa = XCConfigurationList;
			buildConfigurations = (
				CEA60BDB1D4724730031C1FE /* Debug */,
				CEA60BDC1D4724730031C1FE /* Release */,
			);
			defaultConfigurationIsVisible = 0;
			defaultConfigurationName = Release;
		};
		CEA60BDD1D4724730031C1FE /* Build configuration list for PBXNativeTarget "WXPublishManager" */ = {
			isa = XCConfigurationList;
			buildConfigurations = (
				CEA60BDE1D4724730031C1FE /* Debug */,
				CEA60BDF1D4724730031C1FE /* Release */,
			);
			defaultConfigurationIsVisible = 0;
			defaultConfigurationName = Release;
		};
		CEA60BE01D4724730031C1FE /* Build configuration list for PBXNativeTarget "WXPublishManagerUITests" */ = {
			isa = XCConfigurationList;
			buildConfigurations = (
				CEA60BE11D4724730031C1FE /* Debug */,
				CEA60BE21D4724730031C1FE /* Release */,
			);
			defaultConfigurationIsVisible = 0;
			defaultConfigurationName = Release;
		};
/* End XCConfigurationList section */
	};
	rootObject = CEA60BB81D4724720031C1FE /* Project object */;
}
